Microsoft Visual Studio Solution File, Format Version 12.00
# Visual Studio Version 17
VisualStudioVersion = 17.5.2.0
MinimumVisualStudioVersion = 10.0.40219.1
Project("{FAE04EC0-301F-11D3-BF4B-00C04F79EFBC}") = "Lab3_OOP", "Lab3_OOP\Lab3_OOP.csproj", "{2A285B6C-F7B3-6347-B77B-3B79A80BCDB3}"
EndProject
Global
	GlobalSection(SolutionConfigurationPlatforms) = preSolution
		Debug|Any CPU = Debug|Any CPU
		Release|Any CPU = Release|Any CPU
	EndGlobalSection
	GlobalSection(ProjectConfigurationPlatforms) = postSolution
		{2A285B6C-F7B3-6347-B77B-3B79A80BCDB3}.Debug|Any CPU.ActiveCfg = Debug|Any CPU
		{2A285B6C-F7B3-6347-B77B-3B79A80BCDB3}.Debug|Any CPU.Build.0 = Debug|Any CPU
		{2A285B6C-F7B3-6347-B77B-3B79A80BCDB3}.Release|Any CPU.ActiveCfg = Release|Any CPU
		{2A285B6C-F7B3-6347-B77B-3B79A80BCDB3}.Release|Any CPU.Build.0 = Release|Any CPU
	EndGlobalSection
	GlobalSection(SolutionProperties) = preSolution
		HideSolutionNode = FALSE
	EndGlobalSection
	GlobalSection(ExtensibilityGlobals) = postSolution
		SolutionGuid = {55B16B2D-FE7B-418C-93C2-568B5083756E}
	EndGlobalSection
EndGlobal
